// !$*UTF8*$!
{
	archiveVersion = 1;
	classes = {
	};
	objectVersion = 50;
	objects = {

/* Begin PBXBuildFile section */
		777C4EC123D7ABA8002CC53C /* AppDelegate.swift in Sources */ = {isa = PBXBuildFile; fileRef = 777C4EC023D7ABA8002CC53C /* AppDelegate.swift */; };
		777C4EC323D7ABA8002CC53C /* SceneDelegate.swift in Sources */ = {isa = PBXBuildFile; fileRef = 777C4EC223D7ABA8002CC53C /* SceneDelegate.swift */; };
		777C4EC523D7ABA8002CC53C /* ViewController.swift in Sources */ = {isa = PBXBuildFile; fileRef = 777C4EC423D7ABA8002CC53C /* ViewController.swift */; };
		777C4EC823D7ABA8002CC53C /* Main.storyboard in Resources */ = {isa = PBXBuildFile; fileRef = 777C4EC623D7ABA8002CC53C /* Main.storyboard */; };
		777C4ECA23D7ABA9002CC53C /* Assets.xcassets in Resources */ = {isa = PBXBuildFile; fileRef = 777C4EC923D7ABA9002CC53C /* Assets.xcassets */; };
		777C4ECD23D7ABA9002CC53C /* LaunchScreen.storyboard in Resources */ = {isa = PBXBuildFile; fileRef = 777C4ECB23D7ABA9002CC53C /* LaunchScreen.storyboard */; };
/* End PBXBuildFile section */

/* Begin PBXFileReference section */
		777C4EBD23D7ABA8002CC53C /* Bounds vs Frame.app */ = {isa = PBXFileReference; explicitFileType = wrapper.application; includeInIndex = 0; path = "Bounds vs Frame.app"; sourceTree = BUILT_PRODUCTS_DIR; };
		777C4EC023D7ABA8002CC53C /* AppDelegate.swift */ = {isa = PBXFileReference; lastKnownFileType = sourcecode.swift; path = AppDelegate.swift; sourceTree = "<group>"; };
		777C4EC223D7ABA8002CC53C /* SceneDelegate.swift */ = {isa = PBXFileReference; lastKnownFileType = sourcecode.swift; path = SceneDelegate.swift; sourceTree = "<group>"; };
		777C4EC423D7ABA8002CC53C /* ViewController.swift */ = {isa = PBXFileReference; lastKnownFileType = sourcecode.swift; path = ViewController.swift; sourceTree = "<group>"; };
		777C4EC723D7ABA8002CC53C /* Base */ = {isa = PBXFileReference; lastKnownFileType = file.storyboard; name = Base; path = Base.lproj/Main.storyboard; sourceTree = "<group>"; };
		777C4EC923D7ABA9002CC53C /* Assets.xcassets */ = {isa = PBXFileReference; lastKnownFileType = folder.assetcatalog; path = Assets.xcassets; sourceTree = "<group>"; };
		777C4ECC23D7ABA9002CC53C /* Base */ = {isa = PBXFileReference; lastKnownFileType = file.storyboard; name = Base; path = Base.lproj/LaunchScreen.storyboard; sourceTree = "<group>"; };
		777C4ECE23D7ABA9002CC53C /* Info.plist */ = {isa = PBXFileReference; lastKnownFileType = text.plist.xml; path = Info.plist; sourceTree = "<group>"; };
/* End PBXFileReference section */

/* Begin PBXFrameworksBuildPhase section */
		777C4EBA23D7ABA8002CC53C /* Frameworks */ = {
			isa = PBXFrameworksBuildPhase;
			buildActionMask = 2147483647;
			files = (
			);
			runOnlyForDeploymentPostprocessing = 0;
		};
/* End PBXFrameworksBuildPhase section */

/* Begin PBXGroup section */
		777C4EB423D7ABA8002CC53C = {
			isa = PBXGroup;
			children = (
				777C4EBF23D7ABA8002CC53C /* Bounds vs Frame */,
				777C4EBE23D7ABA8002CC53C /* Products */,
			);
			sourceTree = "<group>";
		};
		777C4EBE23D7ABA8002CC53C /* Products */ = {
			isa = PBXGroup;
			children = (
				777C4EBD23D7ABA8002CC53C /* Bounds vs Frame.app */,
			);
			name = Products;
			sourceTree = "<group>";
		};
		777C4EBF23D7ABA8002CC53C /* Bounds vs Frame */ = {
			isa = PBXGroup;
			children = (
				777C4EC023D7ABA8002CC53C /* AppDelegate.swift */,
				777C4EC223D7ABA8002CC53C /* SceneDelegate.swift */,
				777C4EC423D7ABA8002CC53C /* ViewController.swift */,
				777C4EC623D7ABA8002CC53C /* Main.storyboard */,
				777C4EC923D7ABA9002CC53C /* Assets.xcassets */,
				777C4ECB23D7ABA9002CC53C /* LaunchScreen.storyboard */,
				777C4ECE23D7ABA9002CC53C /* Info.plist */,
			);
			path = "Bounds vs Frame";
			sourceTree = "<group>";
		};
/* End PBXGroup section */

/* Begin PBXNativeTarget section */
		777C4EBC23D7ABA8002CC53C /* Bounds vs Frame */ = {
			isa = PBXNativeTarget;
			buildConfigurationList = 777C4ED123D7ABA9002CC53C /* Build configuration list for PBXNativeTarget "Bounds vs Frame" */;
			buildPhases = (
				777C4EB923D7ABA8002CC53C /* Sources */,
				777C4EBA23D7ABA8002CC53C /* Frameworks */,
				777C4EBB23D7ABA8002CC53C /* Resources */,
			);
			buildRules = (
			);
			dependencies = (
			);
			name = "Bounds vs Frame";
			productName = "Bounds vs Frame";
			productReference = 777C4EBD23D7ABA8002CC53C /* Bounds vs Frame.app */;
			productType = "com.apple.product-type.application";
		};
/* End PBXNativeTarget section */

/* Begin PBXProject section */
		777C4EB523D7ABA8002CC53C /* Project object */ = {
			isa = PBXProject;
			attributes = {
				LastSwiftUpdateCheck = 1130;
				LastUpgradeCheck = 1130;
				ORGANIZATIONNAME = "Mo Drame";
				TargetAttributes = {
					777C4EBC23D7ABA8002CC53C = {
						CreatedOnToolsVersion = 11.3.1;
					};
				};
			};
			buildConfigurationList = 777C4EB823D7ABA8002CC53C /* Build configuration list for PBXProject "Bounds vs Frame" */;
			compatibilityVersion = "Xcode 9.3";
			developmentRegion = en;
			hasScannedForEncodings = 0;
			knownRegions = (
				en,
				Base,
			);
			mainGroup = 777C4EB423D7ABA8002CC53C;
			productRefGroup = 777C4EBE23D7ABA8002CC53C /* Products */;
			projectDirPath = "";
			projectRoot = "";
			targets = (
				777C4EBC23D7ABA8002CC53C /* Bounds vs Frame */,
			);
		};
/* End PBXProject section */

/* Begin PBXResourcesBuildPhase section */
		777C4EBB23D7ABA8002CC53C /* Resources */ = {
			isa = PBXResourcesBuildPhase;
			buildActionMask = 2147483647;
			files = (
				777C4ECD23D7ABA9002CC53C /* LaunchScreen.storyboard in Resources */,
				777C4ECA23D7ABA9002CC53C /* Assets.xcassets in Resources */,
				777C4EC823D7ABA8002CC53C /* Main.storyboard in Resources */,
			);
			runOnlyForDeploymentPostprocessing = 0;
		};
/* End PBXResourcesBuildPhase section */

/* Begin PBXSourcesBuildPhase section */
		777C4EB923D7ABA8002CC53C /* Sources */ = {
			isa = PBXSourcesBuildPhase;
			buildActionMask = 2147483647;
			files = (
				777C4EC523D7ABA8002CC53C /* ViewController.swift in Sources */,
				777C4EC123D7ABA8002CC53C /* AppDelegate.swift in Sources */,
				777C4EC323D7ABA8002CC53C /* SceneDelegate.swift in Sources */,
			);
			runOnlyForDeploymentPostprocessing = 0;
		};
/* End PBXSourcesBuildPhase section */

/* Begin PBXVariantGroup section */
		777C4EC623D7ABA8002CC53C /* Main.storyboard */ = {
			isa = PBXVariantGroup;
			children = (
				777C4EC723D7ABA8002CC53C /* Base */,
			);
			name = Main.storyboard;
			sourceTree = "<group>";
		};
		777C4ECB23D7ABA9002CC53C /* LaunchScreen.storyboard */ = {
			isa = PBXVariantGroup;
			children = (
				777C4ECC23D7ABA9002CC53C /* Base */,
			);
			name = LaunchScreen.storyboard;
			sourceTree = "<group>";
		};
/* End PBXVariantGroup section */

/* Begin XCBuildConfiguration section */
		777C4ECF23D7ABA9002CC53C /* Debug */ = {
			isa = XCBuildConfiguration;
			buildSettings = {
				ALWAYS_SEARCH_USER_PATHS = NO;
				CLANG_ANALYZER_NONNULL = YES;
				CLANG_ANALYZER_NUMBER_OBJECT_CONVERSION = YES_AGGRESSIVE;
				CLANG_CXX_LANGUAGE_STANDARD = "gnu++14";
				CLANG_CXX_LIBRARY = "libc++";
				CLANG_ENABLE_MODULES = YES;
				CLANG_ENABLE_OBJC_ARC = YES;
				CLANG_ENABLE_OBJC_WEAK = YES;
				CLANG_WARN_BLOCK_CAPTURE_AUTORELEASING = YES;
				CLANG_WARN_BOOL_CONVERSION = YES;
				CLANG_WARN_COMMA = YES;
				CLANG_WARN_CONSTANT_CONVERSION = YES;
				CLANG_WARN_DEPRECATED_OBJC_IMPLEMENTATIONS = YES;
				CLANG_WARN_DIRECT_OBJC_ISA_USAGE = YES_ERROR;
				CLANG_WARN_DOCUMENTATION_COMMENTS = YES;
				CLANG_WARN_EMPTY_BODY = YES;
				CLANG_WARN_ENUM_CONVERSION = YES;
				CLANG_WARN_INFINITE_RECURSION = YES;
				CLANG_WARN_INT_CONVERSION = YES;
				CLANG_WARN_NON_LITERAL_NULL_CONVERSION = YES;
				CLANG_WARN_OBJC_IMPLICIT_RETAIN_SELF = YES;
				CLANG_WARN_OBJC_LITERAL_CONVERSION = YES;
				CLANG_WARN_OBJC_ROOT_CLASS = YES_ERROR;
				CLANG_WARN_RANGE_LOOP_ANALYSIS = YES;
				CLANG_WARN_STRICT_PROTOTYPES = YES;
				CLANG_WARN_SUSPICIOUS_MOVE = YES;
				CLANG_WARN_UNGUARDED_AVAILABILITY = YES_AGGRESSIVE;
				CLANG_WARN_UNREACHABLE_CODE = YES;
				CLANG_WARN__DUPLICATE_METHOD_MATCH = YES;
				COPY_PHASE_STRIP = NO;
				DEBUG_INFORMATION_FORMAT = dwarf;
				ENABLE_STRICT_OBJC_MSGSEND = YES;
				ENABLE_TESTABILITY = YES;
				GCC_C_LANGUAGE_STANDARD = gnu11;
				GCC_DYNAMIC_NO_PIC = NO;
				GCC_NO_COMMON_BLOCKS = YES;
				GCC_OPTIMIZATION_LEVEL = 0;
				GCC_PREPROCESSOR_DEFINITIONS = (
					"DEBUG=1",
					"$(inherited)",
				);
				GCC_WARN_64_TO_32_BIT_CONVERSION = YES;
				GCC_WARN_ABOUT_RETURN_TYPE = YES_ERROR;
				GCC_WARN_UNDECLARED_SELECTOR = YES;
				GCC_WARN_UNINITIALIZED_AUTOS = YES_AGGRESSIVE;
				GCC_WARN_UNUSED_FUNCTION = YES;
				GCC_WARN_UNUSED_VARIABLE = YES;
				IPHONEOS_DEPLOYMENT_TARGET = 13.2;
				MTL_ENABLE_DEBUG_INFO = INCLUDE_SOURCE;
				MTL_FAST_MATH = YES;
				ONLY_ACTIVE_ARCH = YES;
				SDKROOT = iphoneos;
				SWIFT_ACTIVE_COMPILATION_CONDITIONS = DEBUG;
				SWIFT_OPTIMIZATION_LEVEL = "-Onone";
			};
			name = Debug;
		};
		777C4ED023D7ABA9002CC53C /* Release */ = {
			isa = XCBuildConfiguration;
			buildSettings = {
				ALWAYS_SEARCH_USER_PATHS = NO;
				CLANG_ANALYZER_NONNULL = YES;
				CLANG_ANALYZER_NUMBER_OBJECT_CONVERSION = YES_AGGRESSIVE;
				CLANG_CXX_LANGUAGE_STANDARD = "gnu++14";
				CLANG_CXX_LIBRARY = "libc++";
				CLANG_ENABLE_MODULES = YES;
				CLANG_ENABLE_OBJC_ARC = YES;
				CLANG_ENABLE_OBJC_WEAK = YES;
				CLANG_WARN_BLOCK_CAPTURE_AUTORELEASING = YES;
				CLANG_WARN_BOOL_CONVERSION = YES;
				CLANG_WARN_COMMA = YES;
				CLANG_WARN_CONSTANT_CONVERSION = YES;
				CLANG_WARN_DEPRECATED_OBJC_IMPLEMENTATIONS = YES;
				CLANG_WARN_DIRECT_OBJC_ISA_USAGE = YES_ERROR;
				CLANG_WARN_DOCUMENTATION_COMMENTS = YES;
				CLANG_WARN_EMPTY_BODY = YES;
				CLANG_WARN_ENUM_CONVERSION = YES;
				CLANG_WARN_INFINITE_RECURSION = YES;
				CLANG_WARN_INT_CONVERSION = YES;
				CLANG_WARN_NON_LITERAL_NULL_CONVERSION = YES;
				CLANG_WARN_OBJC_IMPLICIT_RETAIN_SELF = YES;
				CLANG_WARN_OBJC_LITERAL_CONVERSION = YES;
				CLANG_WARN_OBJC_ROOT_CLASS = YES_ERROR;
				CLANG_WARN_RANGE_LOOP_ANALYSIS = YES;
				CLANG_WARN_STRICT_PROTOTYPES = YES;
				CLANG_WARN_SUSPICIOUS_MOVE = YES;
				CLANG_WARN_UNGUARDED_AVAILABILITY = YES_AGGRESSIVE;
				CLANG_WARN_UNREACHABLE_CODE = YES;
				CLANG_WARN__DUPLICATE_METHOD_MATCH = YES;
				COPY_PHASE_STRIP = NO;
				DEBUG_INFORMATION_FORMAT = "dwarf-with-dsym";
				ENABLE_NS_ASSERTIONS = NO;
				ENABLE_STRICT_OBJC_MSGSEND = YES;
				GCC_C_LANGUAGE_STANDARD = gnu11;
				GCC_NO_COMMON_BLOCKS = YES;
				GCC_WARN_64_TO_32_BIT_CONVERSION = YES;
				GCC_WARN_ABOUT_RETURN_TYPE = YES_ERROR;
				GCC_WARN_UNDECLARED_SELECTOR = YES;
				GCC_WARN_UNINITIALIZED_AUTOS = YES_AGGRESSIVE;
				GCC_WARN_UNUSED_FUNCTION = YES;
				GCC_WARN_UNUSED_VARIABLE = YES;
				IPHONEOS_DEPLOYMENT_TARGET = 13.2;
				MTL_ENABLE_DEBUG_INFO = NO;
				MTL_FAST_MATH = YES;
				SDKROOT = iphoneos;
				SWIFT_COMPILATION_MODE = wholemodule;
				SWIFT_OPTIMIZATION_LEVEL = "-O";
				VALIDATE_PRODUCT = YES;
			};
			name = Release;
		};
		777C4ED223D7ABA9002CC53C /* Debug */ = {
			isa = XCBuildConfiguration;
			buildSettings = {
				ASSETCATALOG_COMPILER_APPICON_NAME = AppIcon;
				CODE_SIGN_STYLE = Automatic;
				DEVELOPMENT_TEAM = 6AY5G84ET7;
				INFOPLIST_FILE = "Bounds vs Frame/Info.plist";
				LD_RUNPATH_SEARCH_PATHS = (
					"$(inherited)",
					"@executable_path/Frameworks",
				);
				PRODUCT_BUNDLE_IDENTIFIER = "com.modrame.herokuapp.Bounds-vs-Frame";
				PRODUCT_NAME = "$(TARGET_NAME)";
				SWIFT_VERSION = 5.0;
				TARGETED_DEVICE_FAMILY = 1;
			};
			name = Debug;
		};
		777C4ED323D7ABA9002CC53C /* Release */ = {
			isa = XCBuildConfiguration;
			buildSettings = {
				ASSETCATALOG_COMPILER_APPICON_NAME = AppIcon;
				CODE_SIGN_STYLE = Automatic;
				DEVELOPMENT_TEAM = 6AY5G84ET7;
				INFOPLIST_FILE = "Bounds vs Frame/Info.plist";
				LD_RUNPATH_SEARCH_PATHS = (
					"$(inherited)",
					"@executable_path/Frameworks",
				);
				PRODUCT_BUNDLE_IDENTIFIER = "com.modrame.herokuapp.Bounds-vs-Frame";
				PRODUCT_NAME = "$(TARGET_NAME)";
				SWIFT_VERSION = 5.0;
				TARGETED_DEVICE_FAMILY = 1;
			};
			name = Release;
		};
/* End XCBuildConfiguration section */

/* Begin XCConfigurationList section */
		777C4EB823D7ABA8002CC53C /* Build configuration list for PBXProject "Bounds vs Frame" */ = {
			isa = XCConfigurationList;
			buildConfigurations = (
				777C4ECF23D7ABA9002CC53C /* Debug */,
				777C4ED023D7ABA9002CC53C /* Release */,
			);
			defaultConfigurationIsVisible = 0;
			defaultConfigurationName = Release;
		};
		777C4ED123D7ABA9002CC53C /* Build configuration list for PBXNativeTarget "Bounds vs Frame" */ = {
			isa = XCConfigurationList;
			buildConfigurations = (
				777C4ED223D7ABA9002CC53C /* Debug */,
				777C4ED323D7ABA9002CC53C /* Release */,
			);
			defaultConfigurationIsVisible = 0;
			defaultConfigurationName = Release;
		};
/* End XCConfigurationList section */
	};
	rootObject = 777C4EB523D7ABA8002CC53C /* Project object */;
}
